lockfileVersion: 5.4

importers:

  packages/issue-8832:
    specifiers:
      '@prisma/client': 4.3.1
      pg-promise: ^10.12.0
      prisma: 4.3.1
      zod: ^3.19.0
    dependencies:
      '@prisma/client': 4.3.1_prisma@4.3.1
      pg-promise: 10.12.0
      zod: 3.19.0
    devDependencies:
      prisma: 4.3.1

packages:

  /@prisma/client/4.3.1_prisma@4.3.1:
    resolution: {integrity: sha512-FA0/d1VMJNWqzU7WVWTNWJ+lGOLR9JUBnF73GdIPAEVo/6dWk4gHx0EmgeU+SMv4MZoxgOeTBJF2azhg7x0hMw==}
    engines: {node: '>=14.17'}
    requiresBuild: true
    peerDependencies:
      prisma: '*'
    peerDependenciesMeta:
      prisma:
        optional: true
    dependencies:
      '@prisma/engines-version': 4.3.0-32.c875e43600dfe042452e0b868f7a48b817b9640b
      prisma: 4.3.1
    dev: false

  /@prisma/engines-version/4.3.0-32.c875e43600dfe042452e0b868f7a48b817b9640b:
    resolution: {integrity: sha512-8yWpXkQRmiSfsi2Wb/ZS5D3RFbeu/btL9Pm/gdF4phB0Lo5KGsDFMxFMgaD64mwED2nHc8ZaEJg/+4Jymb9Znw==}
    dev: false

  /@prisma/engines/4.3.1:
    resolution: {integrity: sha512-4JF/uMaEDAPdcdZNOrnzE3BvrbGpjgV0FcPT3EVoi6I86fWkloqqxBt+KcK/+fIRR0Pxj66uGR9wVH8U1Y13JA==}
    requiresBuild: true

  /assert-options/0.7.0:
    resolution: {integrity: sha512-7q9uNH/Dh8gFgpIIb9ja8PJEWA5AQy3xnBC8jtKs8K/gNVCr1K6kIvlm59HUyYgvM7oEDoLzGgPcGd9FqhtXEQ==}
    engines: {node: '>=8.0.0'}
    dev: false

  /buffer-writer/2.0.0:
    resolution: {integrity: sha512-a7ZpuTZU1TRtnwyCNW3I5dc0wWNC3VR9S++Ewyk2HHZdrO3CQJqSpd+95Us590V6AL7JqUAH2IwZ/398PmNFgw==}
    engines: {node: '>=4'}
    dev: false

  /packet-reader/1.0.0:
    resolution: {integrity: sha512-HAKu/fG3HpHFO0AA8WE8q2g+gBJaZ9MG7fcKk+IJPLTGAD6Psw4443l+9DGRbOIh3/aXr7Phy0TjilYivJo5XQ==}
    dev: false

  /pg-connection-string/2.5.0:
    resolution: {integrity: sha512-r5o/V/ORTA6TmUnyWZR9nCj1klXCO2CEKNRlVuJptZe85QuhFayC7WeMic7ndayT5IRIR0S0xFxFi2ousartlQ==}
    dev: false

  /pg-int8/1.0.1:
    resolution: {integrity: sha512-WCtabS6t3c8SkpDBUlb1kjOs7l66xsGdKpIPZsg4wR+B3+u9UAum2odSsF9tnvxg80h4ZxLWMy4pRjOsFIqQpw==}
    engines: {node: '>=4.0.0'}
    dev: false

  /pg-minify/1.6.2:
    resolution: {integrity: sha512-1KdmFGGTP6jplJoI8MfvRlfvMiyBivMRP7/ffh4a11RUFJ7kC2J0ZHlipoKiH/1hz+DVgceon9U2qbaHpPeyPg==}
    engines: {node: '>=8.0'}
    dev: false

  /pg-pool/3.5.2_pg@8.8.0:
    resolution: {integrity: sha512-His3Fh17Z4eg7oANLob6ZvH8xIVen3phEZh2QuyrIl4dQSDVEabNducv6ysROKpDNPSD+12tONZVWfSgMvDD9w==}
    peerDependencies:
      pg: '>=8.0'
    dependencies:
      pg: 8.8.0
    dev: false

  /pg-promise/10.12.0:
    resolution: {integrity: sha512-7uN64iEHrhtRcOaU/AT3925S20JzQJG2nWVK2IUz5SlhB1eNdkXjAYoQtei+5kLJo81mOWcFq7x9J9VRldp0ig==}
    engines: {node: '>=12.0'}
    dependencies:
      assert-options: 0.7.0
      pg: 8.8.0
      pg-minify: 1.6.2
      spex: 3.2.0
    transitivePeerDependencies:
      - pg-native
    dev: false

  /pg-protocol/1.5.0:
    resolution: {integrity: sha512-muRttij7H8TqRNu/DxrAJQITO4Ac7RmX3Klyr/9mJEOBeIpgnF8f9jAfRz5d3XwQZl5qBjF9gLsUtMPJE0vezQ==}
    dev: false

  /pg-types/2.2.0:
    resolution: {integrity: sha512-qTAAlrEsl8s4OiEQY69wDvcMIdQN6wdz5ojQiOy6YRMuynxenON0O5oCpJI6lshc6scgAY8qvJ2On/p+CXY0GA==}
    engines: {node: '>=4'}
    dependencies:
      pg-int8: 1.0.1
      postgres-array: 2.0.0
      postgres-bytea: 1.0.0
      postgres-date: 1.0.7
      postgres-interval: 1.2.0
    dev: false

  /pg/8.8.0:
    resolution: {integrity: sha512-UXYN0ziKj+AeNNP7VDMwrehpACThH7LUl/p8TDFpEUuSejCUIwGSfxpHsPvtM6/WXFy6SU4E5RG4IJV/TZAGjw==}
    engines: {node: '>= 8.0.0'}
    peerDependencies:
      pg-native: '>=3.0.1'
    peerDependenciesMeta:
      pg-native:
        optional: true
    dependencies:
      buffer-writer: 2.0.0
      packet-reader: 1.0.0
      pg-connection-string: 2.5.0
      pg-pool: 3.5.2_pg@8.8.0
      pg-protocol: 1.5.0
      pg-types: 2.2.0
      pgpass: 1.0.5
    dev: false

  /pgpass/1.0.5:
    resolution: {integrity: sha512-FdW9r/jQZhSeohs1Z3sI1yxFQNFvMcnmfuj4WBMUTxOrAyLMaTcE1aAMBiTlbMNaXvBCQuVi0R7hd8udDSP7ug==}
    dependencies:
      split2: 4.1.0
    dev: false

  /postgres-array/2.0.0:
    resolution: {integrity: sha512-VpZrUqU5A69eQyW2c5CA1jtLecCsN2U/bD6VilrFDWq5+5UIEVO7nazS3TEcHf1zuPYO/sqGvUvW62g86RXZuA==}
    engines: {node: '>=4'}
    dev: false

  /postgres-bytea/1.0.0:
    resolution: {integrity: sha512-xy3pmLuQqRBZBXDULy7KbaitYqLcmxigw14Q5sj8QBVLqEwXfeybIKVWiqAXTlcvdvb0+xkOtDbfQMOf4lST1w==}
    engines: {node: '>=0.10.0'}
    dev: false

  /postgres-date/1.0.7:
    resolution: {integrity: sha512-suDmjLVQg78nMK2UZ454hAG+OAW+HQPZ6n++TNDUX+L0+uUlLywnoxJKDou51Zm+zTCjrCl0Nq6J9C5hP9vK/Q==}
    engines: {node: '>=0.10.0'}
    dev: false

  /postgres-interval/1.2.0:
    resolution: {integrity: sha512-9ZhXKM/rw350N1ovuWHbGxnGh/SNJ4cnxHiM0rxE4VN41wsg8P8zWn9hv/buK00RP4WvlOyr/RBDiptyxVbkZQ==}
    engines: {node: '>=0.10.0'}
    dependencies:
      xtend: 4.0.2
    dev: false

  /prisma/4.3.1:
    resolution: {integrity: sha512-90xo06wtqil76Xsi3mNpc4Js3SdDRR5g4qb9h+4VWY4Y8iImJY6xc3PX+C9xxTSt1lr0Q89A0MLkJjd8ax6KiQ==}
    engines: {node: '>=14.17'}
    hasBin: true
    requiresBuild: true
    dependencies:
      '@prisma/engines': 4.3.1

  /spex/3.2.0:
    resolution: {integrity: sha512-9srjJM7NaymrpwMHvSmpDeIK5GoRMX/Tq0E8aOlDPS54dDnDUIp30DrP9SphMPEETDLzEM9+4qo+KipmbtPecg==}
    engines: {node: '>=4.5'}
    dev: false

  /split2/4.1.0:
    resolution: {integrity: sha512-VBiJxFkxiXRlUIeyMQi8s4hgvKCSjtknJv/LVYbrgALPwf5zSKmEwV9Lst25AkvMDnvxODugjdl6KZgwKM1WYQ==}
    engines: {node: '>= 10.x'}
    dev: false

  /xtend/4.0.2:
    resolution: {integrity: sha512-LKYU1iAXJXUgAXn9URjiu+MWhyUXHsvfp7mcuYm9dSUKK0/CjtrUwFAxD82/mCWbtLsGjFIad0wIsod4zrTAEQ==}
    engines: {node: '>=0.4'}
    dev: false

  /zod/3.19.0:
    resolution: {integrity: sha512-Yw0qvUsCNGBe5YacikdMt5gVYeUuaEFVDIHKMfElrGSaBhwR3CQK6vOzgfAJOjTdGIhEeoaj8GtT+NDZrepZbw==}
    dev: false
